
Microsoft Visual Studio Solution File, Format Version 12.00
# Visual Studio Version 17
VisualStudioVersion = 17.10.34928.147
MinimumVisualStudioVersion = 10.0.40219.1
Project("{9A19103F-16F7-4668-BE54-9A1E7A4F7556}") = "StoreControl.WebAPI", "StoreControl.WebAPI\StoreControl.WebAPI.csproj", "{8A474EC3-0A80-40C1-AB12-32084CE0A6AC}"
EndProject
Project("{9A19103F-16F7-4668-BE54-9A1E7A4F7556}") = "StoreControl.Domain", "StoreControl.Domain\StoreControl.Domain.csproj", "{310075DE-5F43-4076-A459-8F319767B627}"
EndProject
Project("{9A19103F-16F7-4668-BE54-9A1E7A4F7556}") = "StoreControl.Application", "StoreControl.Application\StoreControl.Application.csproj", "{DB87078A-2641-4409-BD29-83066D25E3D6}"
EndProject
Project("{9A19103F-16F7-4668-BE54-9A1E7A4F7556}") = "StoreControl.Infrastructure", "StoreControl.Infrastructure\StoreControl.Infrastructure.csproj", "{5BC86227-8977-4012-BF65-2391EDE4BEA0}"
EndProject
Project("{2150E333-8FDC-42A3-9474-1A3956D46DE8}") = "Solution Items", "Solution Items", "{FAB74F50-E50C-4BA8-AEA9-49F35EE0A2A7}"
	ProjectSection(SolutionItems) = preProject
		.editorconfig = .editorconfig
	EndProjectSection
EndProject
Global
	GlobalSection(SolutionConfigurationPlatforms) = preSolution
		Debug|Any CPU = Debug|Any CPU
		Release|Any CPU = Release|Any CPU
	EndGlobalSection
	GlobalSection(ProjectConfigurationPlatforms) = postSolution
		{8A474EC3-0A80-40C1-AB12-32084CE0A6AC}.Debug|Any CPU.ActiveCfg = Debug|Any CPU
		{8A474EC3-0A80-40C1-AB12-32084CE0A6AC}.Debug|Any CPU.Build.0 = Debug|Any CPU
		{8A474EC3-0A80-40C1-AB12-32084CE0A6AC}.Release|Any CPU.ActiveCfg = Release|Any CPU
		{8A474EC3-0A80-40C1-AB12-32084CE0A6AC}.Release|Any CPU.Build.0 = Release|Any CPU
		{310075DE-5F43-4076-A459-8F319767B627}.Debug|Any CPU.ActiveCfg = Debug|Any CPU
		{310075DE-5F43-4076-A459-8F319767B627}.Debug|Any CPU.Build.0 = Debug|Any CPU
		{310075DE-5F43-4076-A459-8F319767B627}.Release|Any CPU.ActiveCfg = Release|Any CPU
		{310075DE-5F43-4076-A459-8F319767B627}.Release|Any CPU.Build.0 = Release|Any CPU
		{DB87078A-2641-4409-BD29-83066D25E3D6}.Debug|Any CPU.ActiveCfg = Debug|Any CPU
		{DB87078A-2641-4409-BD29-83066D25E3D6}.Debug|Any CPU.Build.0 = Debug|Any CPU
		{DB87078A-2641-4409-BD29-83066D25E3D6}.Release|Any CPU.ActiveCfg = Release|Any CPU
		{DB87078A-2641-4409-BD29-83066D25E3D6}.Release|Any CPU.Build.0 = Release|Any CPU
		{5BC86227-8977-4012-BF65-2391EDE4BEA0}.Debug|Any CPU.ActiveCfg = Debug|Any CPU
		{5BC86227-8977-4012-BF65-2391EDE4BEA0}.Debug|Any CPU.Build.0 = Debug|Any CPU
		{5BC86227-8977-4012-BF65-2391EDE4BEA0}.Release|Any CPU.ActiveCfg = Release|Any CPU
		{5BC86227-8977-4012-BF65-2391EDE4BEA0}.Release|Any CPU.Build.0 = Release|Any CPU
	EndGlobalSection
	GlobalSection(SolutionProperties) = preSolution
		HideSolutionNode = FALSE
	EndGlobalSection
	GlobalSection(ExtensibilityGlobals) = postSolution
		SolutionGuid = {B21CD70B-FFF8-47B1-B709-305450ADAB07}
	EndGlobalSection
EndGlobal
